
Microsoft Visual Studio Solution File, Format Version 12.00
# Visual Studio Version 17
VisualStudioVersion = 17.0.31903.59
MinimumVisualStudioVersion = 10.0.40219.1
Project("{FAE04EC0-301F-11D3-BF4B-00C04F79EFBC}") = "Sealed01-BasicClass", "Sealed01-BasicClass\Sealed01-BasicClass.csproj", "{0D546301-6C64-4757-BEA4-36630C023225}"
EndProject
Project("{FAE04EC0-301F-11D3-BF4B-00C04F79EFBC}") = "Sealed02-SealedOverride", "Sealed02-SealedOverride\Sealed02-SealedOverride.csproj", "{66244545-F3DB-426A-9EE3-354D000739B9}"
EndProject
Project("{FAE04EC0-301F-11D3-BF4B-00C04F79EFBC}") = "Sealed03-ApplicationScenarios", "Sealed03-ApplicationScenarios\Sealed03-ApplicationScenarios.csproj", "{F749EBE0-0549-4698-A1D5-E13441C5CA3A}"
EndProject
Project("{FAE04EC0-301F-11D3-BF4B-00C04F79EFBC}") = "Sealed04-ProjectPractice", "Sealed04-ProjectPractice\Sealed04-ProjectPractice.csproj", "{8145BF5A-59B3-4E16-9D7C-8C43152D344F}"
EndProject
Project("{FAE04EC0-301F-11D3-BF4B-00C04F79EFBC}") = "Sealed05-PrincipleAndIL", "Sealed05-PrincipleAndIL\Sealed05-PrincipleAndIL.csproj", "{33AD0791-5542-49FD-87F2-C91676074286}"
EndProject
Project("{FAE04EC0-301F-11D3-BF4B-00C04F79EFBC}") = "Sealed06-SourceAnalysis", "Sealed06-SourceAnalysis\Sealed06-SourceAnalysis.csproj", "{ABDF5A54-9B17-4DE4-A5B8-8C76002DE66F}"
EndProject
Global
	GlobalSection(SolutionConfigurationPlatforms) = preSolution
		Debug|Any CPU = Debug|Any CPU
		Release|Any CPU = Release|Any CPU
	EndGlobalSection
	GlobalSection(SolutionProperties) = preSolution
		HideSolutionNode = FALSE
	EndGlobalSection
	GlobalSection(ProjectConfigurationPlatforms) = postSolution
		{0D546301-6C64-4757-BEA4-36630C023225}.Debug|Any CPU.ActiveCfg = Debug|Any CPU
		{0D546301-6C64-4757-BEA4-36630C023225}.Debug|Any CPU.Build.0 = Debug|Any CPU
		{0D546301-6C64-4757-BEA4-36630C023225}.Release|Any CPU.ActiveCfg = Release|Any CPU
		{0D546301-6C64-4757-BEA4-36630C023225}.Release|Any CPU.Build.0 = Release|Any CPU
		{66244545-F3DB-426A-9EE3-354D000739B9}.Debug|Any CPU.ActiveCfg = Debug|Any CPU
		{66244545-F3DB-426A-9EE3-354D000739B9}.Debug|Any CPU.Build.0 = Debug|Any CPU
		{66244545-F3DB-426A-9EE3-354D000739B9}.Release|Any CPU.ActiveCfg = Release|Any CPU
		{66244545-F3DB-426A-9EE3-354D000739B9}.Release|Any CPU.Build.0 = Release|Any CPU
		{F749EBE0-0549-4698-A1D5-E13441C5CA3A}.Debug|Any CPU.ActiveCfg = Debug|Any CPU
		{F749EBE0-0549-4698-A1D5-E13441C5CA3A}.Debug|Any CPU.Build.0 = Debug|Any CPU
		{F749EBE0-0549-4698-A1D5-E13441C5CA3A}.Release|Any CPU.ActiveCfg = Release|Any CPU
		{F749EBE0-0549-4698-A1D5-E13441C5CA3A}.Release|Any CPU.Build.0 = Release|Any CPU
		{8145BF5A-59B3-4E16-9D7C-8C43152D344F}.Debug|Any CPU.ActiveCfg = Debug|Any CPU
		{8145BF5A-59B3-4E16-9D7C-8C43152D344F}.Debug|Any CPU.Build.0 = Debug|Any CPU
		{8145BF5A-59B3-4E16-9D7C-8C43152D344F}.Release|Any CPU.ActiveCfg = Release|Any CPU
		{8145BF5A-59B3-4E16-9D7C-8C43152D344F}.Release|Any CPU.Build.0 = Release|Any CPU
		{33AD0791-5542-49FD-87F2-C91676074286}.Debug|Any CPU.ActiveCfg = Debug|Any CPU
		{33AD0791-5542-49FD-87F2-C91676074286}.Debug|Any CPU.Build.0 = Debug|Any CPU
		{33AD0791-5542-49FD-87F2-C91676074286}.Release|Any CPU.ActiveCfg = Release|Any CPU
		{33AD0791-5542-49FD-87F2-C91676074286}.Release|Any CPU.Build.0 = Release|Any CPU
		{ABDF5A54-9B17-4DE4-A5B8-8C76002DE66F}.Debug|Any CPU.ActiveCfg = Debug|Any CPU
		{ABDF5A54-9B17-4DE4-A5B8-8C76002DE66F}.Debug|Any CPU.Build.0 = Debug|Any CPU
		{ABDF5A54-9B17-4DE4-A5B8-8C76002DE66F}.Release|Any CPU.ActiveCfg = Release|Any CPU
		{ABDF5A54-9B17-4DE4-A5B8-8C76002DE66F}.Release|Any CPU.Build.0 = Release|Any CPU
	EndGlobalSection
EndGlobal
