
Microsoft Visual Studio Solution File, Format Version 12.00
Project("{FAE04EC0-301F-11D3-BF4B-00C04F79EFBC}") = "Copy", "Copy\Copy.csproj", "{220079E3-DD27-4BF2-8FB8-859C6987DEE9}"
EndProject
Global
	GlobalSection(SolutionConfigurationPlatforms) = preSolution
		Debug|Any CPU = Debug|Any CPU
		Release|Any CPU = Release|Any CPU
	EndGlobalSection
	GlobalSection(ProjectConfigurationPlatforms) = postSolution
		{220079E3-DD27-4BF2-8FB8-859C6987DEE9}.Debug|Any CPU.ActiveCfg = Debug|Any CPU
		{220079E3-DD27-4BF2-8FB8-859C6987DEE9}.Debug|Any CPU.Build.0 = Debug|Any CPU
		{220079E3-DD27-4BF2-8FB8-859C6987DEE9}.Release|Any CPU.ActiveCfg = Release|Any CPU
		{220079E3-DD27-4BF2-8FB8-859C6987DEE9}.Release|Any CPU.Build.0 = Release|Any CPU
	EndGlobalSection
EndGlobal
